
Microsoft Visual Studio Solution File, Format Version 12.00
# Visual Studio 15
VisualStudioVersion = 15.0.26228.4
MinimumVisualStudioVersion = 10.0.40219.1
Project("{FAE04EC0-301F-11D3-BF4B-00C04F79EFBC}") = "iS3.Client", "iS3.Client\iS3.Client.csproj", "{7171E73E-E3F3-40F3-B33D-0CED63BC8FF9}"
EndProject
Project("{FAE04EC0-301F-11D3-BF4B-00C04F79EFBC}") = "iS3.Core.Client", "iS3.Core.Client\iS3.Core.Client.csproj", "{A337092F-7652-413F-91CA-2A1ECC0B37F5}"
EndProject
Project("{FAE04EC0-301F-11D3-BF4B-00C04F79EFBC}") = "iS3.Client.Controls", "iS3.Client.Control\iS3.Client.Controls.csproj", "{D25EA90A-4419-4CDD-A28D-66B9B18BC65C}"
EndProject
Project("{2150E333-8FDC-42A3-9474-1A3956D46DE8}") = "iS3Core", "iS3Core", "{20F98FA0-7F55-4B28-A57B-8A8E65B4AA96}"
EndProject
Project("{2150E333-8FDC-42A3-9474-1A3956D46DE8}") = "iS3Client", "iS3Client", "{A4920A31-842E-4389-A5EC-364B55C74F0F}"
EndProject
Project("{2150E333-8FDC-42A3-9474-1A3956D46DE8}") = "iS3.Geology", "iS3.Geology", "{DAC1DA3A-0177-45F7-9B83-5EEA1D86680F}"
EndProject
Project("{2150E333-8FDC-42A3-9474-1A3956D46DE8}") = "iS3.Monitoring", "iS3.Monitoring", "{6F9C28C0-BC17-41DE-9893-02CEB9491F71}"
EndProject
Project("{FAE04EC0-301F-11D3-BF4B-00C04F79EFBC}") = "iS3.ArcGIS", "iS3.ArcGIS\iS3.ArcGIS.csproj", "{3E9A8DED-38B8-4050-849C-08957AEB5FBF}"
EndProject
Project("{FAE04EC0-301F-11D3-BF4B-00C04F79EFBC}") = "iS3.Unity.Webplayer", "iS3.Unity.Webplayer\iS3.Unity.Webplayer.csproj", "{9D38C271-EB97-46D0-862E-8DD70D3F13D1}"
EndProject
Project("{FAE04EC0-301F-11D3-BF4B-00C04F79EFBC}") = "U3DPlayerAxLib", "U3DPlayerAxLib\U3DPlayerAxLib\U3DPlayerAxLib.csproj", "{A13C6A7F-E975-409F-A611-FCC107289F32}"
EndProject
Project("{FAE04EC0-301F-11D3-BF4B-00C04F79EFBC}") = "iS3.Python", "iS3.Python\IS3-Python\iS3.Python.csproj", "{E6F7F4AD-0E87-45D7-BD80-D66C99379692}"
EndProject
Project("{FAE04EC0-301F-11D3-BF4B-00C04F79EFBC}") = "iS3.Unity.EXE", "iS3.Unity.EXE\iS3.Unity.EXE.csproj", "{5B63C6C4-E731-435A-A7DC-5F97B97D9424}"
EndProject
Project("{FAE04EC0-301F-11D3-BF4B-00C04F79EFBC}") = "iS3UnityLib", "iS3UnityLib\iS3UnityLib.csproj", "{15AA4E60-79EA-4558-A28A-E5867416CEAE}"
EndProject
Project("{2150E333-8FDC-42A3-9474-1A3956D46DE8}") = "iS3.Structure", "iS3.Structure", "{36B52035-F236-4B71-8B0D-8CD3B85937BD}"
EndProject
Project("{2150E333-8FDC-42A3-9474-1A3956D46DE8}") = "iS3.Environment", "iS3.Environment", "{96EFE36C-A027-42A4-911A-C1C348661622}"
EndProject
Project("{FAE04EC0-301F-11D3-BF4B-00C04F79EFBC}") = "iS3.Core", "iS3.Core\iS3.Core.csproj", "{3C0FF8AD-4259-4018-BFCE-755C1F3454B1}"
EndProject
Project("{2150E333-8FDC-42A3-9474-1A3956D46DE8}") = "iS3.Construction", "iS3.Construction", "{5F51A89E-DE3A-4843-98FC-C6017A29B314}"
EndProject
Project("{2150E333-8FDC-42A3-9474-1A3956D46DE8}") = "iS3.Tools", "iS3.Tools", "{D623CC5D-20C7-4165-AB3B-8B2F2E49FBCC}"
EndProject
Project("{2150E333-8FDC-42A3-9474-1A3956D46DE8}") = "iS3.Extensions", "iS3.Extensions", "{DEF527BB-7113-4721-8093-B22AB1FC699F}"
EndProject
Project("{FAE04EC0-301F-11D3-BF4B-00C04F79EFBC}") = "iS3.Construction", "iS3.Extensions\iS3.Construction\iS3.Construction.csproj", "{889E69F0-85CD-49D4-A059-4202BE1425F6}"
EndProject
Project("{FAE04EC0-301F-11D3-BF4B-00C04F79EFBC}") = "iS3.Construction.Client", "iS3.Extensions\iS3.Construction.Client\iS3.Construction.Client.csproj", "{4B8E445F-9FE8-49FD-A566-CFDCA1840C5A}"
EndProject
Project("{FAE04EC0-301F-11D3-BF4B-00C04F79EFBC}") = "iS3.Environment", "iS3.Extensions\iS3.Environment\iS3.Environment.csproj", "{D820B8DA-F767-49C8-A239-28EA3777F8A6}"
EndProject
Project("{FAE04EC0-301F-11D3-BF4B-00C04F79EFBC}") = "iS3.Environment.Client", "iS3.Extensions\iS3.Environment.Client\iS3.Environment.Client.csproj", "{DAB956A9-84EC-463F-BF48-06CF6BAA46A0}"
EndProject
Project("{FAE04EC0-301F-11D3-BF4B-00C04F79EFBC}") = "iS3.Geology", "iS3.Extensions\iS3.Geology\iS3.Geology.csproj", "{F00E441B-E2E2-4EAD-A7C5-8527EBDEA2CE}"
EndProject
Project("{FAE04EC0-301F-11D3-BF4B-00C04F79EFBC}") = "iS3.Geology.Client", "iS3.Extensions\iS3.Geology.Client\iS3.Geology.Client.csproj", "{4EE52A90-5330-4B2B-8893-B55FAC215AA9}"
EndProject
Project("{FAE04EC0-301F-11D3-BF4B-00C04F79EFBC}") = "iS3.Monitoring", "iS3.Extensions\iS3.Monitoring\iS3.Monitoring.csproj", "{ED03F0AD-FFAE-49E9-B3EA-523E539F6531}"
EndProject
Project("{FAE04EC0-301F-11D3-BF4B-00C04F79EFBC}") = "iS3.Monitoring.Client", "iS3.Extensions\iS3.Monitoring.Client\iS3.Monitoring.Client.csproj", "{E679F468-5301-4789-8105-580FA05C5A63}"
EndProject
Project("{FAE04EC0-301F-11D3-BF4B-00C04F79EFBC}") = "iS3.Structure", "iS3.Extensions\iS3.Structure\iS3.Structure.csproj", "{8FF888FD-88E9-4F3C-8FFD-573F03890C2D}"
EndProject
Project("{FAE04EC0-301F-11D3-BF4B-00C04F79EFBC}") = "iS3.Structure.Client", "iS3.Extensions\iS3.Structure.Client\iS3.Structure.Client.csproj", "{41F382A7-87B2-4C42-90E2-6FBA130A4644}"
EndProject
Project("{FAE04EC0-301F-11D3-BF4B-00C04F79EFBC}") = "D3Operation", "iS3.Tools\D3Operation\D3Operation.csproj", "{670050E2-EE1E-472F-8BC2-C3D1834141C3}"
EndProject
Project("{FAE04EC0-301F-11D3-BF4B-00C04F79EFBC}") = "RTM_Tool", "iS3.Tools\RTM_Tool\RTM_Tool.csproj", "{A987B8ED-3C2A-4D55-802C-9668FC131C3B}"
EndProject
Project("{FAE04EC0-301F-11D3-BF4B-00C04F79EFBC}") = "iS3_DataManager", "iS3.Tools\iS3_DataManager\iS3_DataManager.csproj", "{48EBF89C-97D4-4357-8320-A6DAFCD5B3D5}"
EndProject
Global
	GlobalSection(SolutionConfigurationPlatforms) = preSolution
		Debug|Any CPU = Debug|Any CPU
		Debug|x64 = Debug|x64
		Release|Any CPU = Release|Any CPU
		Release|x64 = Release|x64
	EndGlobalSection
	GlobalSection(ProjectConfigurationPlatforms) = postSolution
		{7171E73E-E3F3-40F3-B33D-0CED63BC8FF9}.Debug|Any CPU.ActiveCfg = Debug|Any CPU
		{7171E73E-E3F3-40F3-B33D-0CED63BC8FF9}.Debug|Any CPU.Build.0 = Debug|Any CPU
		{7171E73E-E3F3-40F3-B33D-0CED63BC8FF9}.Debug|x64.ActiveCfg = Debug|Any CPU
		{7171E73E-E3F3-40F3-B33D-0CED63BC8FF9}.Debug|x64.Build.0 = Debug|Any CPU
		{7171E73E-E3F3-40F3-B33D-0CED63BC8FF9}.Release|Any CPU.ActiveCfg = Release|Any CPU
		{7171E73E-E3F3-40F3-B33D-0CED63BC8FF9}.Release|Any CPU.Build.0 = Release|Any CPU
		{7171E73E-E3F3-40F3-B33D-0CED63BC8FF9}.Release|x64.ActiveCfg = Release|Any CPU
		{7171E73E-E3F3-40F3-B33D-0CED63BC8FF9}.Release|x64.Build.0 = Release|Any CPU
		{A337092F-7652-413F-91CA-2A1ECC0B37F5}.Debug|Any CPU.ActiveCfg = Debug|Any CPU
		{A337092F-7652-413F-91CA-2A1ECC0B37F5}.Debug|Any CPU.Build.0 = Debug|Any CPU
		{A337092F-7652-413F-91CA-2A1ECC0B37F5}.Debug|x64.ActiveCfg = Debug|Any CPU
		{A337092F-7652-413F-91CA-2A1ECC0B37F5}.Debug|x64.Build.0 = Debug|Any CPU
		{A337092F-7652-413F-91CA-2A1ECC0B37F5}.Release|Any CPU.ActiveCfg = Release|Any CPU
		{A337092F-7652-413F-91CA-2A1ECC0B37F5}.Release|Any CPU.Build.0 = Release|Any CPU
		{A337092F-7652-413F-91CA-2A1ECC0B37F5}.Release|x64.ActiveCfg = Release|Any CPU
		{A337092F-7652-413F-91CA-2A1ECC0B37F5}.Release|x64.Build.0 = Release|Any CPU
		{D25EA90A-4419-4CDD-A28D-66B9B18BC65C}.Debug|Any CPU.ActiveCfg = Debug|Any CPU
		{D25EA90A-4419-4CDD-A28D-66B9B18BC65C}.Debug|Any CPU.Build.0 = Debug|Any CPU
		{D25EA90A-4419-4CDD-A28D-66B9B18BC65C}.Debug|x64.ActiveCfg = Debug|Any CPU
		{D25EA90A-4419-4CDD-A28D-66B9B18BC65C}.Debug|x64.Build.0 = Debug|Any CPU
		{D25EA90A-4419-4CDD-A28D-66B9B18BC65C}.Release|Any CPU.ActiveCfg = Release|Any CPU
		{D25EA90A-4419-4CDD-A28D-66B9B18BC65C}.Release|Any CPU.Build.0 = Release|Any CPU
		{D25EA90A-4419-4CDD-A28D-66B9B18BC65C}.Release|x64.ActiveCfg = Release|Any CPU
		{D25EA90A-4419-4CDD-A28D-66B9B18BC65C}.Release|x64.Build.0 = Release|Any CPU
		{3E9A8DED-38B8-4050-849C-08957AEB5FBF}.Debug|Any CPU.ActiveCfg = Debug|Any CPU
		{3E9A8DED-38B8-4050-849C-08957AEB5FBF}.Debug|Any CPU.Build.0 = Debug|Any CPU
		{3E9A8DED-38B8-4050-849C-08957AEB5FBF}.Debug|x64.ActiveCfg = Debug|Any CPU
		{3E9A8DED-38B8-4050-849C-08957AEB5FBF}.Debug|x64.Build.0 = Debug|Any CPU
		{3E9A8DED-38B8-4050-849C-08957AEB5FBF}.Release|Any CPU.ActiveCfg = Release|Any CPU
		{3E9A8DED-38B8-4050-849C-08957AEB5FBF}.Release|Any CPU.Build.0 = Release|Any CPU
		{3E9A8DED-38B8-4050-849C-08957AEB5FBF}.Release|x64.ActiveCfg = Release|Any CPU
		{3E9A8DED-38B8-4050-849C-08957AEB5FBF}.Release|x64.Build.0 = Release|Any CPU
		{9D38C271-EB97-46D0-862E-8DD70D3F13D1}.Debug|Any CPU.ActiveCfg = Debug|Any CPU
		{9D38C271-EB97-46D0-862E-8DD70D3F13D1}.Debug|Any CPU.Build.0 = Debug|Any CPU
		{9D38C271-EB97-46D0-862E-8DD70D3F13D1}.Debug|x64.ActiveCfg = Debug|Any CPU
		{9D38C271-EB97-46D0-862E-8DD70D3F13D1}.Debug|x64.Build.0 = Debug|Any CPU
		{9D38C271-EB97-46D0-862E-8DD70D3F13D1}.Release|Any CPU.ActiveCfg = Release|Any CPU
		{9D38C271-EB97-46D0-862E-8DD70D3F13D1}.Release|Any CPU.Build.0 = Release|Any CPU
		{9D38C271-EB97-46D0-862E-8DD70D3F13D1}.Release|x64.ActiveCfg = Release|Any CPU
		{9D38C271-EB97-46D0-862E-8DD70D3F13D1}.Release|x64.Build.0 = Release|Any CPU
		{A13C6A7F-E975-409F-A611-FCC107289F32}.Debug|Any CPU.ActiveCfg = Debug|Any CPU
		{A13C6A7F-E975-409F-A611-FCC107289F32}.Debug|Any CPU.Build.0 = Debug|Any CPU
		{A13C6A7F-E975-409F-A611-FCC107289F32}.Debug|x64.ActiveCfg = Debug|Any CPU
		{A13C6A7F-E975-409F-A611-FCC107289F32}.Debug|x64.Build.0 = Debug|Any CPU
		{A13C6A7F-E975-409F-A611-FCC107289F32}.Release|Any CPU.ActiveCfg = Release|Any CPU
		{A13C6A7F-E975-409F-A611-FCC107289F32}.Release|Any CPU.Build.0 = Release|Any CPU
		{A13C6A7F-E975-409F-A611-FCC107289F32}.Release|x64.ActiveCfg = Release|Any CPU
		{A13C6A7F-E975-409F-A611-FCC107289F32}.Release|x64.Build.0 = Release|Any CPU
		{E6F7F4AD-0E87-45D7-BD80-D66C99379692}.Debug|Any CPU.ActiveCfg = Debug|Any CPU
		{E6F7F4AD-0E87-45D7-BD80-D66C99379692}.Debug|Any CPU.Build.0 = Debug|Any CPU
		{E6F7F4AD-0E87-45D7-BD80-D66C99379692}.Debug|x64.ActiveCfg = Debug|Any CPU
		{E6F7F4AD-0E87-45D7-BD80-D66C99379692}.Debug|x64.Build.0 = Debug|Any CPU
		{E6F7F4AD-0E87-45D7-BD80-D66C99379692}.Release|Any CPU.ActiveCfg = Release|Any CPU
		{E6F7F4AD-0E87-45D7-BD80-D66C99379692}.Release|Any CPU.Build.0 = Release|Any CPU
		{E6F7F4AD-0E87-45D7-BD80-D66C99379692}.Release|x64.ActiveCfg = Release|Any CPU
		{E6F7F4AD-0E87-45D7-BD80-D66C99379692}.Release|x64.Build.0 = Release|Any CPU
		{5B63C6C4-E731-435A-A7DC-5F97B97D9424}.Debug|Any CPU.ActiveCfg = Debug|Any CPU
		{5B63C6C4-E731-435A-A7DC-5F97B97D9424}.Debug|Any CPU.Build.0 = Debug|Any CPU
		{5B63C6C4-E731-435A-A7DC-5F97B97D9424}.Debug|x64.ActiveCfg = Debug|Any CPU
		{5B63C6C4-E731-435A-A7DC-5F97B97D9424}.Debug|x64.Build.0 = Debug|Any CPU
		{5B63C6C4-E731-435A-A7DC-5F97B97D9424}.Release|Any CPU.ActiveCfg = Release|Any CPU
		{5B63C6C4-E731-435A-A7DC-5F97B97D9424}.Release|Any CPU.Build.0 = Release|Any CPU
		{5B63C6C4-E731-435A-A7DC-5F97B97D9424}.Release|x64.ActiveCfg = Release|Any CPU
		{5B63C6C4-E731-435A-A7DC-5F97B97D9424}.Release|x64.Build.0 = Release|Any CPU
		{15AA4E60-79EA-4558-A28A-E5867416CEAE}.Debug|Any CPU.ActiveCfg = Debug|Any CPU
		{15AA4E60-79EA-4558-A28A-E5867416CEAE}.Debug|Any CPU.Build.0 = Debug|Any CPU
		{15AA4E60-79EA-4558-A28A-E5867416CEAE}.Debug|x64.ActiveCfg = Debug|Any CPU
		{15AA4E60-79EA-4558-A28A-E5867416CEAE}.Debug|x64.Build.0 = Debug|Any CPU
		{15AA4E60-79EA-4558-A28A-E5867416CEAE}.Release|Any CPU.ActiveCfg = Release|Any CPU
		{15AA4E60-79EA-4558-A28A-E5867416CEAE}.Release|Any CPU.Build.0 = Release|Any CPU
		{15AA4E60-79EA-4558-A28A-E5867416CEAE}.Release|x64.ActiveCfg = Release|Any CPU
		{15AA4E60-79EA-4558-A28A-E5867416CEAE}.Release|x64.Build.0 = Release|Any CPU
		{3C0FF8AD-4259-4018-BFCE-755C1F3454B1}.Debug|Any CPU.ActiveCfg = Debug|Any CPU
		{3C0FF8AD-4259-4018-BFCE-755C1F3454B1}.Debug|Any CPU.Build.0 = Debug|Any CPU
		{3C0FF8AD-4259-4018-BFCE-755C1F3454B1}.Debug|x64.ActiveCfg = Debug|Any CPU
		{3C0FF8AD-4259-4018-BFCE-755C1F3454B1}.Debug|x64.Build.0 = Debug|Any CPU
		{3C0FF8AD-4259-4018-BFCE-755C1F3454B1}.Release|Any CPU.ActiveCfg = Release|Any CPU
		{3C0FF8AD-4259-4018-BFCE-755C1F3454B1}.Release|Any CPU.Build.0 = Release|Any CPU
		{3C0FF8AD-4259-4018-BFCE-755C1F3454B1}.Release|x64.ActiveCfg = Release|Any CPU
		{3C0FF8AD-4259-4018-BFCE-755C1F3454B1}.Release|x64.Build.0 = Release|Any CPU
		{889E69F0-85CD-49D4-A059-4202BE1425F6}.Debug|Any CPU.ActiveCfg = Debug|Any CPU
		{889E69F0-85CD-49D4-A059-4202BE1425F6}.Debug|Any CPU.Build.0 = Debug|Any CPU
		{889E69F0-85CD-49D4-A059-4202BE1425F6}.Debug|x64.ActiveCfg = Debug|Any CPU
		{889E69F0-85CD-49D4-A059-4202BE1425F6}.Debug|x64.Build.0 = Debug|Any CPU
		{889E69F0-85CD-49D4-A059-4202BE1425F6}.Release|Any CPU.ActiveCfg = Release|Any CPU
		{889E69F0-85CD-49D4-A059-4202BE1425F6}.Release|Any CPU.Build.0 = Release|Any CPU
		{889E69F0-85CD-49D4-A059-4202BE1425F6}.Release|x64.ActiveCfg = Release|Any CPU
		{889E69F0-85CD-49D4-A059-4202BE1425F6}.Release|x64.Build.0 = Release|Any CPU
		{4B8E445F-9FE8-49FD-A566-CFDCA1840C5A}.Debug|Any CPU.ActiveCfg = Debug|Any CPU
		{4B8E445F-9FE8-49FD-A566-CFDCA1840C5A}.Debug|Any CPU.Build.0 = Debug|Any CPU
		{4B8E445F-9FE8-49FD-A566-CFDCA1840C5A}.Debug|x64.ActiveCfg = Debug|Any CPU
		{4B8E445F-9FE8-49FD-A566-CFDCA1840C5A}.Debug|x64.Build.0 = Debug|Any CPU
		{4B8E445F-9FE8-49FD-A566-CFDCA1840C5A}.Release|Any CPU.ActiveCfg = Release|Any CPU
		{4B8E445F-9FE8-49FD-A566-CFDCA1840C5A}.Release|Any CPU.Build.0 = Release|Any CPU
		{4B8E445F-9FE8-49FD-A566-CFDCA1840C5A}.Release|x64.ActiveCfg = Release|Any CPU
		{4B8E445F-9FE8-49FD-A566-CFDCA1840C5A}.Release|x64.Build.0 = Release|Any CPU
		{D820B8DA-F767-49C8-A239-28EA3777F8A6}.Debug|Any CPU.ActiveCfg = Debug|Any CPU
		{D820B8DA-F767-49C8-A239-28EA3777F8A6}.Debug|Any CPU.Build.0 = Debug|Any CPU
		{D820B8DA-F767-49C8-A239-28EA3777F8A6}.Debug|x64.ActiveCfg = Debug|Any CPU
		{D820B8DA-F767-49C8-A239-28EA3777F8A6}.Debug|x64.Build.0 = Debug|Any CPU
		{D820B8DA-F767-49C8-A239-28EA3777F8A6}.Release|Any CPU.ActiveCfg = Release|Any CPU
		{D820B8DA-F767-49C8-A239-28EA3777F8A6}.Release|Any CPU.Build.0 = Release|Any CPU
		{D820B8DA-F767-49C8-A239-28EA3777F8A6}.Release|x64.ActiveCfg = Release|Any CPU
		{D820B8DA-F767-49C8-A239-28EA3777F8A6}.Release|x64.Build.0 = Release|Any CPU
		{DAB956A9-84EC-463F-BF48-06CF6BAA46A0}.Debug|Any CPU.ActiveCfg = Debug|Any CPU
		{DAB956A9-84EC-463F-BF48-06CF6BAA46A0}.Debug|Any CPU.Build.0 = Debug|Any CPU
		{DAB956A9-84EC-463F-BF48-06CF6BAA46A0}.Debug|x64.ActiveCfg = Debug|Any CPU
		{DAB956A9-84EC-463F-BF48-06CF6BAA46A0}.Debug|x64.Build.0 = Debug|Any CPU
		{DAB956A9-84EC-463F-BF48-06CF6BAA46A0}.Release|Any CPU.ActiveCfg = Release|Any CPU
		{DAB956A9-84EC-463F-BF48-06CF6BAA46A0}.Release|Any CPU.Build.0 = Release|Any CPU
		{DAB956A9-84EC-463F-BF48-06CF6BAA46A0}.Release|x64.ActiveCfg = Release|Any CPU
		{DAB956A9-84EC-463F-BF48-06CF6BAA46A0}.Release|x64.Build.0 = Release|Any CPU
		{F00E441B-E2E2-4EAD-A7C5-8527EBDEA2CE}.Debug|Any CPU.ActiveCfg = Debug|Any CPU
		{F00E441B-E2E2-4EAD-A7C5-8527EBDEA2CE}.Debug|Any CPU.Build.0 = Debug|Any CPU
		{F00E441B-E2E2-4EAD-A7C5-8527EBDEA2CE}.Debug|x64.ActiveCfg = Debug|Any CPU
		{F00E441B-E2E2-4EAD-A7C5-8527EBDEA2CE}.Debug|x64.Build.0 = Debug|Any CPU
		{F00E441B-E2E2-4EAD-A7C5-8527EBDEA2CE}.Release|Any CPU.ActiveCfg = Release|Any CPU
		{F00E441B-E2E2-4EAD-A7C5-8527EBDEA2CE}.Release|Any CPU.Build.0 = Release|Any CPU
		{F00E441B-E2E2-4EAD-A7C5-8527EBDEA2CE}.Release|x64.ActiveCfg = Release|Any CPU
		{F00E441B-E2E2-4EAD-A7C5-8527EBDEA2CE}.Release|x64.Build.0 = Release|Any CPU
		{4EE52A90-5330-4B2B-8893-B55FAC215AA9}.Debug|Any CPU.ActiveCfg = Debug|Any CPU
		{4EE52A90-5330-4B2B-8893-B55FAC215AA9}.Debug|Any CPU.Build.0 = Debug|Any CPU
		{4EE52A90-5330-4B2B-8893-B55FAC215AA9}.Debug|x64.ActiveCfg = Debug|Any CPU
		{4EE52A90-5330-4B2B-8893-B55FAC215AA9}.Debug|x64.Build.0 = Debug|Any CPU
		{4EE52A90-5330-4B2B-8893-B55FAC215AA9}.Release|Any CPU.ActiveCfg = Release|Any CPU
		{4EE52A90-5330-4B2B-8893-B55FAC215AA9}.Release|Any CPU.Build.0 = Release|Any CPU
		{4EE52A90-5330-4B2B-8893-B55FAC215AA9}.Release|x64.ActiveCfg = Release|Any CPU
		{4EE52A90-5330-4B2B-8893-B55FAC215AA9}.Release|x64.Build.0 = Release|Any CPU
		{ED03F0AD-FFAE-49E9-B3EA-523E539F6531}.Debug|Any CPU.ActiveCfg = Debug|Any CPU
		{ED03F0AD-FFAE-49E9-B3EA-523E539F6531}.Debug|Any CPU.Build.0 = Debug|Any CPU
		{ED03F0AD-FFAE-49E9-B3EA-523E539F6531}.Debug|x64.ActiveCfg = Debug|Any CPU
		{ED03F0AD-FFAE-49E9-B3EA-523E539F6531}.Debug|x64.Build.0 = Debug|Any CPU
		{ED03F0AD-FFAE-49E9-B3EA-523E539F6531}.Release|Any CPU.ActiveCfg = Release|Any CPU
		{ED03F0AD-FFAE-49E9-B3EA-523E539F6531}.Release|Any CPU.Build.0 = Release|Any CPU
		{ED03F0AD-FFAE-49E9-B3EA-523E539F6531}.Release|x64.ActiveCfg = Release|Any CPU
		{ED03F0AD-FFAE-49E9-B3EA-523E539F6531}.Release|x64.Build.0 = Release|Any CPU
		{E679F468-5301-4789-8105-580FA05C5A63}.Debug|Any CPU.ActiveCfg = Debug|Any CPU
		{E679F468-5301-4789-8105-580FA05C5A63}.Debug|Any CPU.Build.0 = Debug|Any CPU
		{E679F468-5301-4789-8105-580FA05C5A63}.Debug|x64.ActiveCfg = Debug|Any CPU
		{E679F468-5301-4789-8105-580FA05C5A63}.Debug|x64.Build.0 = Debug|Any CPU
		{E679F468-5301-4789-8105-580FA05C5A63}.Release|Any CPU.ActiveCfg = Release|Any CPU
		{E679F468-5301-4789-8105-580FA05C5A63}.Release|Any CPU.Build.0 = Release|Any CPU
		{E679F468-5301-4789-8105-580FA05C5A63}.Release|x64.ActiveCfg = Release|Any CPU
		{E679F468-5301-4789-8105-580FA05C5A63}.Release|x64.Build.0 = Release|Any CPU
		{8FF888FD-88E9-4F3C-8FFD-573F03890C2D}.Debug|Any CPU.ActiveCfg = Debug|Any CPU
		{8FF888FD-88E9-4F3C-8FFD-573F03890C2D}.Debug|Any CPU.Build.0 = Debug|Any CPU
		{8FF888FD-88E9-4F3C-8FFD-573F03890C2D}.Debug|x64.ActiveCfg = Debug|Any CPU
		{8FF888FD-88E9-4F3C-8FFD-573F03890C2D}.Debug|x64.Build.0 = Debug|Any CPU
		{8FF888FD-88E9-4F3C-8FFD-573F03890C2D}.Release|Any CPU.ActiveCfg = Release|Any CPU
		{8FF888FD-88E9-4F3C-8FFD-573F03890C2D}.Release|Any CPU.Build.0 = Release|Any CPU
		{8FF888FD-88E9-4F3C-8FFD-573F03890C2D}.Release|x64.ActiveCfg = Release|Any CPU
		{8FF888FD-88E9-4F3C-8FFD-573F03890C2D}.Release|x64.Build.0 = Release|Any CPU
		{41F382A7-87B2-4C42-90E2-6FBA130A4644}.Debug|Any CPU.ActiveCfg = Debug|Any CPU
		{41F382A7-87B2-4C42-90E2-6FBA130A4644}.Debug|Any CPU.Build.0 = Debug|Any CPU
		{41F382A7-87B2-4C42-90E2-6FBA130A4644}.Debug|x64.ActiveCfg = Debug|Any CPU
		{41F382A7-87B2-4C42-90E2-6FBA130A4644}.Debug|x64.Build.0 = Debug|Any CPU
		{41F382A7-87B2-4C42-90E2-6FBA130A4644}.Release|Any CPU.ActiveCfg = Release|Any CPU
		{41F382A7-87B2-4C42-90E2-6FBA130A4644}.Release|Any CPU.Build.0 = Release|Any CPU
		{41F382A7-87B2-4C42-90E2-6FBA130A4644}.Release|x64.ActiveCfg = Release|Any CPU
		{41F382A7-87B2-4C42-90E2-6FBA130A4644}.Release|x64.Build.0 = Release|Any CPU
		{670050E2-EE1E-472F-8BC2-C3D1834141C3}.Debug|Any CPU.ActiveCfg = Debug|Any CPU
		{670050E2-EE1E-472F-8BC2-C3D1834141C3}.Debug|Any CPU.Build.0 = Debug|Any CPU
		{670050E2-EE1E-472F-8BC2-C3D1834141C3}.Debug|x64.ActiveCfg = Debug|Any CPU
		{670050E2-EE1E-472F-8BC2-C3D1834141C3}.Debug|x64.Build.0 = Debug|Any CPU
		{670050E2-EE1E-472F-8BC2-C3D1834141C3}.Release|Any CPU.ActiveCfg = Release|Any CPU
		{670050E2-EE1E-472F-8BC2-C3D1834141C3}.Release|Any CPU.Build.0 = Release|Any CPU
		{670050E2-EE1E-472F-8BC2-C3D1834141C3}.Release|x64.ActiveCfg = Release|Any CPU
		{670050E2-EE1E-472F-8BC2-C3D1834141C3}.Release|x64.Build.0 = Release|Any CPU
		{A987B8ED-3C2A-4D55-802C-9668FC131C3B}.Debug|Any CPU.ActiveCfg = Debug|Any CPU
		{A987B8ED-3C2A-4D55-802C-9668FC131C3B}.Debug|Any CPU.Build.0 = Debug|Any CPU
		{A987B8ED-3C2A-4D55-802C-9668FC131C3B}.Debug|x64.ActiveCfg = Debug|Any CPU
		{A987B8ED-3C2A-4D55-802C-9668FC131C3B}.Debug|x64.Build.0 = Debug|Any CPU
		{A987B8ED-3C2A-4D55-802C-9668FC131C3B}.Release|Any CPU.ActiveCfg = Release|Any CPU
		{A987B8ED-3C2A-4D55-802C-9668FC131C3B}.Release|Any CPU.Build.0 = Release|Any CPU
		{A987B8ED-3C2A-4D55-802C-9668FC131C3B}.Release|x64.ActiveCfg = Release|Any CPU
		{A987B8ED-3C2A-4D55-802C-9668FC131C3B}.Release|x64.Build.0 = Release|Any CPU
		{48EBF89C-97D4-4357-8320-A6DAFCD5B3D5}.Debug|Any CPU.ActiveCfg = Debug|Any CPU
		{48EBF89C-97D4-4357-8320-A6DAFCD5B3D5}.Debug|Any CPU.Build.0 = Debug|Any CPU
		{48EBF89C-97D4-4357-8320-A6DAFCD5B3D5}.Debug|x64.ActiveCfg = Debug|Any CPU
		{48EBF89C-97D4-4357-8320-A6DAFCD5B3D5}.Debug|x64.Build.0 = Debug|Any CPU
		{48EBF89C-97D4-4357-8320-A6DAFCD5B3D5}.Release|Any CPU.ActiveCfg = Release|Any CPU
		{48EBF89C-97D4-4357-8320-A6DAFCD5B3D5}.Release|Any CPU.Build.0 = Release|Any CPU
		{48EBF89C-97D4-4357-8320-A6DAFCD5B3D5}.Release|x64.ActiveCfg = Release|Any CPU
		{48EBF89C-97D4-4357-8320-A6DAFCD5B3D5}.Release|x64.Build.0 = Release|Any CPU
	EndGlobalSection
	GlobalSection(SolutionProperties) = preSolution
		HideSolutionNode = FALSE
	EndGlobalSection
	GlobalSection(NestedProjects) = preSolution
		{7171E73E-E3F3-40F3-B33D-0CED63BC8FF9} = {A4920A31-842E-4389-A5EC-364B55C74F0F}
		{A337092F-7652-413F-91CA-2A1ECC0B37F5} = {20F98FA0-7F55-4B28-A57B-8A8E65B4AA96}
		{D25EA90A-4419-4CDD-A28D-66B9B18BC65C} = {A4920A31-842E-4389-A5EC-364B55C74F0F}
		{DAC1DA3A-0177-45F7-9B83-5EEA1D86680F} = {DEF527BB-7113-4721-8093-B22AB1FC699F}
		{6F9C28C0-BC17-41DE-9893-02CEB9491F71} = {DEF527BB-7113-4721-8093-B22AB1FC699F}
		{3E9A8DED-38B8-4050-849C-08957AEB5FBF} = {A4920A31-842E-4389-A5EC-364B55C74F0F}
		{9D38C271-EB97-46D0-862E-8DD70D3F13D1} = {A4920A31-842E-4389-A5EC-364B55C74F0F}
		{A13C6A7F-E975-409F-A611-FCC107289F32} = {A4920A31-842E-4389-A5EC-364B55C74F0F}
		{E6F7F4AD-0E87-45D7-BD80-D66C99379692} = {A4920A31-842E-4389-A5EC-364B55C74F0F}
		{5B63C6C4-E731-435A-A7DC-5F97B97D9424} = {A4920A31-842E-4389-A5EC-364B55C74F0F}
		{15AA4E60-79EA-4558-A28A-E5867416CEAE} = {A4920A31-842E-4389-A5EC-364B55C74F0F}
		{36B52035-F236-4B71-8B0D-8CD3B85937BD} = {DEF527BB-7113-4721-8093-B22AB1FC699F}
		{96EFE36C-A027-42A4-911A-C1C348661622} = {DEF527BB-7113-4721-8093-B22AB1FC699F}
		{3C0FF8AD-4259-4018-BFCE-755C1F3454B1} = {20F98FA0-7F55-4B28-A57B-8A8E65B4AA96}
		{5F51A89E-DE3A-4843-98FC-C6017A29B314} = {DEF527BB-7113-4721-8093-B22AB1FC699F}
		{889E69F0-85CD-49D4-A059-4202BE1425F6} = {5F51A89E-DE3A-4843-98FC-C6017A29B314}
		{4B8E445F-9FE8-49FD-A566-CFDCA1840C5A} = {5F51A89E-DE3A-4843-98FC-C6017A29B314}
		{D820B8DA-F767-49C8-A239-28EA3777F8A6} = {96EFE36C-A027-42A4-911A-C1C348661622}
		{DAB956A9-84EC-463F-BF48-06CF6BAA46A0} = {96EFE36C-A027-42A4-911A-C1C348661622}
		{F00E441B-E2E2-4EAD-A7C5-8527EBDEA2CE} = {DAC1DA3A-0177-45F7-9B83-5EEA1D86680F}
		{4EE52A90-5330-4B2B-8893-B55FAC215AA9} = {DAC1DA3A-0177-45F7-9B83-5EEA1D86680F}
		{ED03F0AD-FFAE-49E9-B3EA-523E539F6531} = {6F9C28C0-BC17-41DE-9893-02CEB9491F71}
		{E679F468-5301-4789-8105-580FA05C5A63} = {6F9C28C0-BC17-41DE-9893-02CEB9491F71}
		{8FF888FD-88E9-4F3C-8FFD-573F03890C2D} = {36B52035-F236-4B71-8B0D-8CD3B85937BD}
		{41F382A7-87B2-4C42-90E2-6FBA130A4644} = {36B52035-F236-4B71-8B0D-8CD3B85937BD}
		{670050E2-EE1E-472F-8BC2-C3D1834141C3} = {D623CC5D-20C7-4165-AB3B-8B2F2E49FBCC}
		{A987B8ED-3C2A-4D55-802C-9668FC131C3B} = {D623CC5D-20C7-4165-AB3B-8B2F2E49FBCC}
		{48EBF89C-97D4-4357-8320-A6DAFCD5B3D5} = {D623CC5D-20C7-4165-AB3B-8B2F2E49FBCC}
	EndGlobalSection
	GlobalSection(ExtensibilityGlobals) = postSolution
		SolutionGuid = {B6966C32-5793-4682-A117-69DD5C23DEDA}
	EndGlobalSection
EndGlobal
